
Microsoft Visual Studio Solution File, Format Version 12.00
# Visual Studio 2012
Project("{FAE04EC0-301F-11D3-BF4B-00C04F79EFBC}") = "SQL_l10", "SQL_l10.csproj", "{513047A6-F38F-497F-B329-DB27B5E0E9CC}"
EndProject
Global
	GlobalSection(SolutionConfigurationPlatforms) = preSolution
		Debug|Any CPU = Debug|Any CPU
		Release|Any CPU = Release|Any CPU
	EndGlobalSection
	GlobalSection(ProjectConfigurationPlatforms) = postSolution
		{513047A6-F38F-497F-B329-DB27B5E0E9CC}.Debug|Any CPU.ActiveCfg = Debug|Any CPU
		{513047A6-F38F-497F-B329-DB27B5E0E9CC}.Debug|Any CPU.Build.0 = Debug|Any CPU
		{513047A6-F38F-497F-B329-DB27B5E0E9CC}.Release|Any CPU.ActiveCfg = Release|Any CPU
		{513047A6-F38F-497F-B329-DB27B5E0E9CC}.Release|Any CPU.Build.0 = Release|Any CPU
	EndGlobalSection
	GlobalSection(SolutionProperties) = preSolution
		HideSolutionNode = FALSE
	EndGlobalSection
EndGlobal
